
Microsoft Visual Studio Solution File, Format Version 12.00
# Visual Studio Version 16
VisualStudioVersion = 16.0.28922.388
MinimumVisualStudioVersion = 10.0.40219.1
Project("{9A19103F-16F7-4668-BE54-9A1E7A4F7556}") = "PingDong.Http", "src\PingDong.Http\PingDong.Http.csproj", "{D0E73607-9E0C-4574-A516-9C4A83C0A36A}"
EndProject
Project("{FAE04EC0-301F-11D3-BF4B-00C04F79EFBC}") = "PingDong.Http.UnitTests", "src\PingDong.Http.UnitTests\PingDong.Http.UnitTests.csproj", "{3FADF210-F29C-40B1-AE00-3991085AC85D}"
EndProject
Global
	GlobalSection(SolutionConfigurationPlatforms) = preSolution
		Debug|Any CPU = Debug|Any CPU
		Release|Any CPU = Release|Any CPU
	EndGlobalSection
	GlobalSection(ProjectConfigurationPlatforms) = postSolution
		{D0E73607-9E0C-4574-A516-9C4A83C0A36A}.Debug|Any CPU.ActiveCfg = Debug|Any CPU
		{D0E73607-9E0C-4574-A516-9C4A83C0A36A}.Debug|Any CPU.Build.0 = Debug|Any CPU
		{D0E73607-9E0C-4574-A516-9C4A83C0A36A}.Release|Any CPU.ActiveCfg = Release|Any CPU
		{D0E73607-9E0C-4574-A516-9C4A83C0A36A}.Release|Any CPU.Build.0 = Release|Any CPU
		{3FADF210-F29C-40B1-AE00-3991085AC85D}.Debug|Any CPU.ActiveCfg = Debug|Any CPU
		{3FADF210-F29C-40B1-AE00-3991085AC85D}.Debug|Any CPU.Build.0 = Debug|Any CPU
		{3FADF210-F29C-40B1-AE00-3991085AC85D}.Release|Any CPU.ActiveCfg = Release|Any CPU
		{3FADF210-F29C-40B1-AE00-3991085AC85D}.Release|Any CPU.Build.0 = Release|Any CPU
	EndGlobalSection
	GlobalSection(SolutionProperties) = preSolution
		HideSolutionNode = FALSE
	EndGlobalSection
	GlobalSection(ExtensibilityGlobals) = postSolution
		SolutionGuid = {B9206536-05E4-46EE-82E0-33FFB12CA96E}
	EndGlobalSection
EndGlobal
